<Solution>
  <Project Path="CSharp_Learning.AccessModifiers/CSharp_Learning.AccessModifiers.csproj" Id="24645eb3-265b-4538-a662-469e4313db02" />
  <Project Path="CSharp_Learning.ArraysAndLists/CSharp_Learning.ArraysAndLists.csproj" Id="f5d6fabc-d9e4-48dd-a72e-806053b39900" />
  <Project Path="CSharp_Learning.AsyncProgramming/CSharp_Learning.AsyncProgramming.csproj" Id="9d0688c8-0174-4856-927d-71271ebecc09" />
  <Project Path="CSharp_Learning.AsyncProgrammingCodeExample/CSharp_Learning.AsyncProgrammingCodeExample.csproj" Id="15db0d4a-c2bd-4463-a08b-bdcead951e4e" />
  <Project Path="CSharp_Learning.Conditional_Statements/CSharp_Learning.Conditional_Statements.csproj" Id="a087249e-fe17-4d8e-a505-8757b8b43c94" />
  <Project Path="CSharp_Learning.ExceptionHandling/CSharp_Learning.ExceptionHandling.csproj" Id="6c1c5d4f-bb39-4e33-a508-37f749eb68bc" />
  <Project Path="CSharp_Learning.Functions/CSharp_Learning.Functions.csproj" Id="4cbb74fd-8488-4761-ac3a-18dbaf18095c" />
  <Project Path="CSharp_Learning.HelloWorld/CSharp_Learning.HelloWorld.csproj" />
  <Project Path="CSharp_Learning.LINQ/CSharp_Learning.LINQ.csproj" Id="7105f770-f97a-46d9-bb61-d4130ea0a0ee" />
  <Project Path="CSharp_Learning.Loops/CSharp_Learning.Loops.csproj" Id="c25e0b79-5fd5-4a0c-bc40-71448919f0bb" />
  <Project Path="CSharp_Learning.OOP/CSharp_Learning.OOP.csproj" Id="58b675f0-66c1-428a-bfb4-2dcf4c2c8ef5" />
  <Project Path="CSharp_Learning.Variables/CSharp_Learning.Variables.csproj" Id="c34be414-db2c-41e0-abf3-787185104cd9" />
  <Project Path="CSharp_Learning.VariablesAndHelloWorldDemo/CSharp_Learning.VariablesAndHelloWorldDemo.csproj" Id="8ade13c0-3a53-4da6-8774-9717278af401" />
</Solution>
